
Microsoft Visual Studio Solution File, Format Version 12.00
# Visual Studio Version 17
VisualStudioVersion = 17.4.33205.214
MinimumVisualStudioVersion = 10.0.40219.1
Project("{FAE04EC0-301F-11D3-BF4B-00C04F79EFBC}") = "Onion.Api", "ProductData\Onion.Api\Onion.Api.csproj", "{BFFA2E16-4BFB-4C38-916E-732E43F1E5CF}"
EndProject
Project("{FAE04EC0-301F-11D3-BF4B-00C04F79EFBC}") = "Onion.Library", "ProductData\Onion.Library\Onion.Library.csproj", "{045D1935-1549-43AF-A73C-D0731874CD73}"
EndProject
Global
	GlobalSection(SolutionConfigurationPlatforms) = preSolution
		Debug|Any CPU = Debug|Any CPU
		Release|Any CPU = Release|Any CPU
	EndGlobalSection
	GlobalSection(ProjectConfigurationPlatforms) = postSolution
		{BFFA2E16-4BFB-4C38-916E-732E43F1E5CF}.Debug|Any CPU.ActiveCfg = Debug|Any CPU
		{BFFA2E16-4BFB-4C38-916E-732E43F1E5CF}.Debug|Any CPU.Build.0 = Debug|Any CPU
		{BFFA2E16-4BFB-4C38-916E-732E43F1E5CF}.Release|Any CPU.ActiveCfg = Release|Any CPU
		{BFFA2E16-4BFB-4C38-916E-732E43F1E5CF}.Release|Any CPU.Build.0 = Release|Any CPU
		{045D1935-1549-43AF-A73C-D0731874CD73}.Debug|Any CPU.ActiveCfg = Debug|Any CPU
		{045D1935-1549-43AF-A73C-D0731874CD73}.Debug|Any CPU.Build.0 = Debug|Any CPU
		{045D1935-1549-43AF-A73C-D0731874CD73}.Release|Any CPU.ActiveCfg = Release|Any CPU
		{045D1935-1549-43AF-A73C-D0731874CD73}.Release|Any CPU.Build.0 = Release|Any CPU
	EndGlobalSection
	GlobalSection(SolutionProperties) = preSolution
		HideSolutionNode = FALSE
	EndGlobalSection
	GlobalSection(ExtensibilityGlobals) = postSolution
		SolutionGuid = {30172026-B8FA-487A-BE26-83D2B5E61639}
	EndGlobalSection
EndGlobal
